ff2335a55164104c104e2e4532a23608d6810ebe148765836f5fa9acf63f0cba  Packages/PaperloftKit/Tests/PaperloftKitTests/ReceiptTests.swift
8b9c79f48819f8c91962c75f427ab2cbdf149a26025f5d5fee16df871508a7c4  Tests/PaperloftUITests/NavigationTests.swift
938ba9ea46077e6643c8d529e28dbcfa8759cd261e6db43e93b9b755451d0e64  Packages/PaperloftKit/Tests/PaperloftKitTests/ExtractionTests.swift
aee6a95f755d417710c709a0fdd44f1546e3e8d55d544ac0b98b7be593a4cb14  Tests/Fixtures/labels.jsonl
70ceb8cb06adfdf6d9ed5b8d1874496df87b1833796002d7173cbbbb9b73f717  Tests/Fixtures/document-001.jpg
c80edf5a3eed08c4eef45a932f113350bc793a813a34826e026f7e7467c3d0d5  Tests/Fixtures/document-002.png
a435c22b993fc5474295c725090999027f074832af7ddb55f6a5a26932c56e49  Tests/Fixtures/document-003.jpg
e318355d83b484d32c6a17d760524da3cb6fffe573a5700103e7b77e581204d4  Tests/Fixtures/document-004.png
cc85cd44deb5023b202ae794320764c613326f86e353b46bfeef317d4aaad4f1  Tests/Fixtures/document-005.jpg
8544518527e144a304d1baf87b83efcfc3080566c237c4d4406d9577c1a2aefd  Tests/Fixtures/document-006.png
fe2fba064e56385bb5c537c52f27d857c33dbb265493f2aa709b585d9912597f  Tests/Fixtures/document-007.jpg
d4e3112b5c79b06bd489ea71cb6748daa266b7487c414a056d40ced84e4e1d32  Tests/Fixtures/document-008.png
e783256e25b5d13469f61fab8579f0138dd112781633b2b49e67bdb607d0ad74  Tests/Fixtures/document-009.jpg
4b1423511f017fedef60710b2a351669350c9e62d1c2c05f9ffc273bc4a49de3  Tests/Fixtures/document-010.png
d0832df4f29c3ba61d9c6dc7114f4bcd4350cd25ccd8bc2f5fbba74620ceb17b  Tests/Fixtures/document-011.jpg
f89a7ac8c384d6bd0fa2d24f31ab5e3080e46cdfb8b6877c59365b4ad2287dbc  Tests/Fixtures/document-012.png
1169584bf4c21d55f8024c427ef0be47bd36aaf839919f1546ed28c91aeeb20a  Tests/Fixtures/document-013.jpg
7c5fee573633b87bfbefc534a3e032499e36d47cb93fd1f2e76ba85bebef13bf  Tests/Fixtures/document-014.png
5d75918307d6915152d467bbec3885f2dacc120db5dd9ee38bd99ad426252887  Tests/Fixtures/document-015.jpg
70630379719f6df5998ac5b31dcdba197178dc10651933f0f9fed3fdc212aaaf  Tests/Fixtures/document-016.png
595e7f7e28b21c2883f01e1e3ea952efaad920b9bce4c5dce4cd693f3f169e21  Tests/Fixtures/document-017.jpg
e4435bbf5492670559960584a0fd1b80ec4f5b9f954fe3055042a719bdc44ea9  Tests/Fixtures/document-018.png
b678cb2c73509c3ec02b37e9fd1e8fdb75ccdb5baa192deccbc633557fc3a5de  Tests/Fixtures/document-019.jpg
a9e15c5d2a0ee8bec22c5a3dbeb4e54752e112f741135f6172b817068e7aca08  Tests/Fixtures/document-020.png
f4b4a3b6e2ce50ca115eebf65ad64e5db5e09ed541bfa8243586ecda76a29c34  Tests/Fixtures/document-021.jpg
08f24d5153da4206a320ba6d06b547a189e30fb7d10a24a9fe326cff6919b7e0  Tests/Fixtures/document-022.png
fd51eb4340e8813e82e76a3a041ac1ed3aea631bed8548156c51ccc11ee8a4b2  Tests/Fixtures/document-023.jpg
03e9d7a61d4343d8f2a59c7c83c03dd138d4bf8a4beb717999c00dcc075c0f26  Tests/Fixtures/document-024.png
869a1fa8096258962b938c16db6d897d597b89907cfbb9b4076d0f5cfc8119d1  Tests/Fixtures/document-025.jpg
d5e2baacf111ab50d5c85a93cd69f3c02b68b3ab9922c7b8c5a4a9c67445dfd0  Tests/Fixtures/document-026.png
6e840ebc1a5c8e677ffcc2799466698aab559a877aeb2f6375d29cd63644847a  Tests/Fixtures/document-027.jpg
7260926c254b0c7aeabf342a38cc364f57bb7dfc52171d5ac439940af895d861  Tests/Fixtures/document-028.png
483da811a14c27c6630effbab354191d10e9cc27b4d6eed294b1286464678985  Tests/Fixtures/document-029.jpg
83e94c295a9787505963409731cb05473e9ef8a5504d39974a0683a1ddca97fb  Tests/Fixtures/document-030.png
86b90c9200cd46bb96f76d0616db672ec036ef7075d9c95fd9b1347d362a4b67  Tests/Fixtures/document-031.jpg
7f34acdc7b4e338aa8d4d6bd1793db6251485b8338c1901965129f613c39565e  Tests/Fixtures/document-032.png
38d57ce5cad86b96619e02735ff7e92756aa119c664d1de1951da154ad1e4e2b  Tests/Fixtures/document-033.jpg
3a647e65a106f62681933dffbc57b7fd59c8d5e1fc6622c77826ec16f05766b3  Tests/Fixtures/document-034.png
aefb2868136ce14470fd23fdf48582e9680e5dc28f683fabfd0b0a98f5ae8415  Tests/Fixtures/document-035.jpg
a951c5b1f6bcb43266016de680a67e28abfd7e50bdca3ede3b86270a43bda28f  Tests/Fixtures/document-036.png
dee6d14dda2f881d98e98f46741d5ce3ad737edaaf0b231170e0ddfa6e529d67  Tests/Fixtures/document-037.jpg
d97b643a34081881488186115632a3784bd21a985d19d5eefe97975a28086fae  Tests/Fixtures/document-038.png
1ba3cae11949a43c40f28b7226adb1e1826ef188263176b539fe397ab8b8cd1a  Tests/Fixtures/document-039.jpg
df4f96ff6002bed888450dcc36685a8f89a3d3dddfeb505ebfd08bf5403ff942  Tests/Fixtures/document-040.png
91afb152077ee8d9a6a050c3a050dafac0dee7eeeae543e3d18770136c3fc705  Tests/Fixtures/document-041.jpg
2dd7bd7942bcdd126baeec6e73a1fe82e3fe86fc583b29289d8216175105480f  Tests/Fixtures/document-042.png
22b652db3d83ee476aae7b2e330c94a643ded6cf89a5abf62ad4148a0228efc7  Tests/Fixtures/document-043.jpg
a4112bf2d77c65341ffc47464605c4deb8d4a2c8fc177d09d90dbf5dca96951a  Tests/Fixtures/document-044.png
daea2ee044be2a6d62c9dfe0814cd2de426e05b97f6d1a9c5d53de79c8bcba47  Tests/Fixtures/document-045.jpg
e9aa3e206c2cd7a81cce35654ced751c6fc5e50c07affdbbcac519c289ee71af  Tests/Fixtures/document-046.png
d1884ec567fc10c19b7f3c70b8c4c31b6cd68b2a4d252b2740f53ffb6b2c8b33  Tests/Fixtures/document-047.jpg
91a13fb3e2078b135001bf3bd6dceda5a97a24d04b93e29a284833003a9cd895  Tests/Fixtures/document-048.png
6e0169a8d7aad81af630fdb4576feda14431501a18bc5907ca0ef19d6987f2fd  Tests/Fixtures/document-049.jpg
2d0c4f68ead194990901de7867db1b189b322db76ae27057d973ba2e1e648ccb  Tests/Fixtures/document-050.png
a9b15aaf510a17445276fca566b60cc58fc963591c1756a7cfb88e85dc7fb2e1  Tests/Fixtures/document-051.jpg
385111a7ff582e7e6cd22615e3d10bb1ee65b8b2d07de34298bc9faf0770201d  Tests/Fixtures/document-052.png
0dab30ac39dccf785207bd26de093b272dc123766fe263da5bbc3661789e198a  Tests/Fixtures/document-053.jpg
2dae0de053e180eb37d3cfd7a1999f6383b0ce315796267a71dad23b23f26364  Tests/Fixtures/document-054.png
4503cedf2b8c90df0d4554f0e05916c353626170af3d5d451d0a892213803b7a  Tests/Fixtures/document-055.jpg
ffddcb653f1684543dcbfed7f8f859051f00c56842410146a3e3adf9d02c42b6  Tests/Fixtures/document-056.png
8abf0d9853914b5bdf2af053832596d27478636b3a59257453790a40ed2dc0e3  Tests/Fixtures/document-057.jpg
22a35bee71993d648183b975f83239a0453c9edc82569a7769627f62e9f1123d  Tests/Fixtures/document-058.png
01d00c790485af657d561e55da937ea90119c7d0ffb54c6c36ccc673a157723a  Tests/Fixtures/document-059.jpg
c6413c776b9c81101c6684478d7453728f9e5d1b3492930674b20ce5346bccc8  Tests/Fixtures/document-060.png
027acca16a0aae2eed7f76dd5e5dbf7123b9074ec0160aef6be37dd09a57bf9e  Tests/Fixtures/document-061.jpg
30ede9c34782d334a90cd6597f0926ecbd1609318473a1eb34e5b43380d87489  Tests/Fixtures/document-062.png
555053d0df003ea7d61bd7185f1bb9b189b538673e8038f1483dedeb9f3649ee  Tests/Fixtures/document-063.jpg
7f2062c967345d04a644ddb62f46a2a46236d905cffc7d4f85f9d07ee75bfe64  Tests/Fixtures/document-064.png
31be9a5b84859f459c62ba223ee1cd8737d5fbcdbacd9f245aefeb90f5aeb99a  Tests/Fixtures/document-065.jpg
5429f44b7ca0af138c0ba4316f0f060d883b12573e2a0063e3585cea0370783c  Tests/Fixtures/document-066.png
ba164b027357edfbc95970ec36a2139e74a4f661933ee0242555bad26b1f3686  Tests/Fixtures/document-067.jpg
915ab5c978b0c72f2cdf5a791e3cc8ce58b94420e4b4e9caa54ca52f1a555168  Tests/Fixtures/document-068.png
d9a200cb4dda824d6604c5995b29ea9695f052e0af96c6d55070b4224a517219  Tests/Fixtures/document-069.jpg
aa7bd5585cd2739e1136205ebfcb45ed9c02f1c37575f7127c39430fb66997e3  Tests/Fixtures/document-070.png
3c264903bfc1a466c20f58f99b33c84d7e3f7257e9c12ed3740962dfcfda31bd  Tests/Fixtures/document-071.jpg
e5539d56e5f5dadac71cedcff1e47d9985cb637f18fd9dbd5690f3b518efd8cf  Tests/Fixtures/document-072.png
5bfd6c73fc2d208d4a7c6cf558be7ad1048a80248b79ca3a9ddf8a9a8b187319  Tests/Fixtures/document-073.jpg
db33571758c1959f3201f7924a6320aba792b56018ae45f675d4ba1cbf1895f2  Tests/Fixtures/document-074.png
446ebcfc8d9fac444712520a363ccc616b10478fc3afbd64d19ba79a38ee43b5  Tests/Fixtures/document-075.jpg
87ad00ce2d606e40ce8419fc40c5da0f5a15c4a37052aba044d05946f22fea38  Tests/Fixtures/document-076.png
521f498e577867c51269fc780a881e761aaa1609337738096a460b7846d22ed8  Tests/Fixtures/document-077.jpg
be1fab5e2d32e96038777739c160263ed62d2cdb82e06172c6b8b836947cadd4  Tests/Fixtures/document-078.png
5e963cdd99cee1bb376af5364aea08f9d70c9942f705dab48ed15a8d76301b6b  Tests/Fixtures/document-079.jpg
a9e15c5d2a0ee8bec22c5a3dbeb4e54752e112f741135f6172b817068e7aca08  Tests/Fixtures/document-080.png
b461c088a9fa38e893bb0a8600f0b9619934de38c10ea6f8635c5907894d447a  Tests/Fixtures/document-081.jpg
d48e76cb3d966e2a89b5c3676368e59572c06d195030b7eac24b05373fd88d38  Tests/Fixtures/document-082.png
ba5b80c1ae25795be7288e48b3e958fd11446cd536c2c029e458a946ff684e1e  Tests/Fixtures/document-083.jpg
49bf087e5ccc7c06a64e313c8e9b4481fbc297410312e133c460007c4f3562e6  Tests/Fixtures/document-084.png
eecb4d0b91b1e7f30c6745eeff4bcfc8b1eaae1da63ea3459b7c5c7a873e75ae  Tests/Fixtures/document-085.jpg
c5b3f32155bfa95d76e43c7ab1aa1d90810a7a591cfe1b4a7a054194ed2518a7  Tests/Fixtures/document-086.png
f0effa212af12b63c139887c9a8a2f5d91d001fbbfb3b4d473f1e35b8c924e5d  Tests/Fixtures/document-087.jpg
d7c7b9f9db20b9f64a193e33de1dde667d3d203b4955c6c6d896cfda227c5e6e  Tests/Fixtures/document-088.png
793c9f70f9fc5ac87ec819a148e6756c118367402c49d7f1b74525dbf3b56afc  Tests/Fixtures/document-089.jpg
3af9bbac26ed8e94fcf46e20eb26a61b91770a60ba0b4c7d8091a63857830f16  Tests/Fixtures/document-090.png
8d512aaef1672be11148029881a87bfbed41b8627b09a78281d4dad43efb8d48  Tests/Fixtures/document-091.jpg
314f1a4c9df9f916c4bd71daf751d9754f5fbffa17f2aff5df002f637c2a1124  Tests/Fixtures/document-092.png
49c31fbaed9f417649fc9ae295f721186a315746998a9b31c5ce061aad6cd25b  Tests/Fixtures/document-093.jpg
774c06a5363a18964f970f485c48dc80ac4b6d0d50a06c83ebe94761b21b25b7  Tests/Fixtures/document-094.png
02549cd82f0df769fc38441f05f2df031db68af880ad2080826c821be120406a  Tests/Fixtures/document-095.jpg
869d8f0aa081bb5891cfa438c453fa8a99812fb27c124ccc3b437a2ce45571b0  Tests/Fixtures/document-096.png
aff278b629a774e5db5b4639ebfdb1ea1cff3fc0dc7ac82b2eaee91be52707bf  Tests/Fixtures/document-097.jpg
a0b1ac949bc570c8215f3bb0804d73877d808a61a71793982ffed7096814fd42  Tests/Fixtures/document-098.png
971588f61e67666ac47823a58b56aab1ace347a04a43c70d89b972fa8bb47539  Tests/Fixtures/document-099.jpg
5e75b607ccdb13aebf60f6eb948a2e48e028c232a74f4769321f2ba36ae0ca2e  Tests/Fixtures/document-100.png
39498809db155431ed8b7dbdc513cc07b4880e5c325a65c7369ad239ec7e00d6  Tests/Fixtures/document-101.jpg
011a0acbe9aadbd66fe156cc752307c69281f424f05619989619b34faac996bb  Tests/Fixtures/document-102.png
642efe0ec2c5d1d8d7246e937089958bffb1941b6b991331b6acffbedf83fc90  Tests/Fixtures/document-103.jpg
27cbdc2fc05030060110557e6afd7c465f18aed38643da3f113f7ef15af42652  Tests/Fixtures/document-104.png
d6d2419be53c4e4099e3bac779ccb6dbd8359905ef8cb5fd4b7077cf553ab20e  Tests/Fixtures/document-105.jpg
9530142dfe7504053b6d83306df7629721839900fc96dd0a07c0489acc8ae042  Tests/Fixtures/document-106.png
e4cd6b722bd524d79726a7f68c9407551c0b0c300432396adc2538d542203926  Tests/Fixtures/document-107.jpg
43af106240568c5bc7bb2c4f6f612cd30f661b5762bc0067542d0a4b48439266  Tests/Fixtures/document-108.png
ea0db9c3835199f7f67b4401a59466d4171b710fb4cedc5e974349fe67cdf649  Tests/Fixtures/document-109.jpg
2d0c4f68ead194990901de7867db1b189b322db76ae27057d973ba2e1e648ccb  Tests/Fixtures/document-110.png
b2db647acf760d5d09bd7ee2b3271212bb7da22d7f3cfa8926ddc1f076d3a8f6  Tests/Fixtures/document-111.jpg
384b97c92b22028da9b6727796e15914135d311760d02447d6a8698214f97b20  Tests/Fixtures/document-112.png
740ef24c8c85be5f25d508b258a7c0d15ed53010781e11bea4f03a4bb275c100  Tests/Fixtures/document-113.jpg
031e122f84953e8c2180d5e9a10e23526b69691b80d6ce1e96e9edc453414c0b  Tests/Fixtures/document-114.png
eeba250916698f5cb3d0310c0c772b3981c2a0999c9b5aff905f8fb8956ed777  Tests/Fixtures/document-115.jpg
26092856fd2a19fa3f3bc102a306e35b86691b9212e42f83a9a7775de2b1b23b  Tests/Fixtures/document-116.png
b1aa1e3f2f33480117b57982ca8cb73ec55e306ad4203010655563314b1f92d0  Tests/Fixtures/document-117.jpg
4feaeab2902cae22a01b9fc3f78d6d26998aa95c38b8c439e8dd1373a050078d  Tests/Fixtures/document-118.png
9a53eb8fa730ef6ded7156b620d7db98371890af61386d5b5655f2231927fcbb  Tests/Fixtures/document-119.jpg
c6413c776b9c81101c6684478d7453728f9e5d1b3492930674b20ce5346bccc8  Tests/Fixtures/document-120.png
3159a5233900db76db8389824d5090dc627ff0e93da91baa5cdf3d3572f5c023  Tests/Fixtures/document-121.jpg
8683453660581833dc05693440c80024b7d2ab944bf174583dfc96adc2c0dbfa  Tests/Fixtures/document-122.png
238d8e1748bf22186639814e94218758bb68db6f172b76770fffa5dbc63510ed  Tests/Fixtures/document-123.jpg
13a8967312ea176aa40e1cd20df0501b4b9886105224ccb0da040f5772a9f651  Tests/Fixtures/document-124.png
68fd8f251ad6dd343578dbb24d6701ee0385cc62d7c1a353afa920eea3e15295  Tests/Fixtures/document-125.jpg
41c36b5713e8e725707e246964edbfaf5dcb94332180a196020bdc7ed4be41ae  Tests/Fixtures/document-126.png
7572dd6d06388214f345f55e5753d6e256c3c9cbd05c4e3c6991d193c72acf10  Tests/Fixtures/document-127.jpg
663533ce990515dfcc5f526660f0a58241a94d77284e72062676b20db4ac249c  Tests/Fixtures/document-128.png
0cf33bf209a668a0f46041a8b0583b5c2535713c0847f0313169b32d4589afa0  Tests/Fixtures/document-129.jpg
4b1423511f017fedef60710b2a351669350c9e62d1c2c05f9ffc273bc4a49de3  Tests/Fixtures/document-130.png
66af3040df01f67fbcbc3911a28080afcac5844d45d847b23545d58a16bffda4  Tests/Fixtures/document-131.jpg
74448799597bfc1262a487e92f80f930569b0f3e210308d66cbe4c5861a06ccd  Tests/Fixtures/document-132.png
13f677053f244a200ceacd2eccdc19140c13b8b08ccd7c5805ef347874c6caac  Tests/Fixtures/document-133.jpg
19a7e021978ea06f8a00ad6caaed6fe28f3dd1e9ade4c7bd8289ea22139ac69a  Tests/Fixtures/document-134.png
a13138e307bfca9f2533dc0ce475d73c6c0f56df5c5044eb1d8944bdd3c49100  Tests/Fixtures/document-135.jpg
870fceaca3d17654d23d38935ad8d280638b7c5598f1031122a4b5120d4c4c0c  Tests/Fixtures/document-136.png
0a5bb0ac94fc44c3e03d227fd8d4176a26015c6ea564725b37f008f5ba2788cd  Tests/Fixtures/document-137.jpg
7e05a6734396933482d298f11eabcbe5a17f0e4fc9d9b6491a97fe6ddf34b22c  Tests/Fixtures/document-138.png
6596c011fde30717a42a4b44296a3cdca076648fd8dc5235aa78d0e96af6fb3e  Tests/Fixtures/document-139.jpg
a9e15c5d2a0ee8bec22c5a3dbeb4e54752e112f741135f6172b817068e7aca08  Tests/Fixtures/document-140.png
77834b562bb2c25ab4103433d517fa482bf6d1d00dba421456f1263502088601  Tests/Fixtures/document-141.jpg
393ee3bf2351606b9f6e344b41b72323c767943a38155b5ffd9a1348ccd760aa  Tests/Fixtures/document-142.png
d4de7fd7b59500434f720348d80110b0c7b03c3b7f256288ec9f90814e90afeb  Tests/Fixtures/document-143.jpg
1022108bb5545017be0ba17256a38557bffb2dd2322ea7fa4d0ae796853f738c  Tests/Fixtures/document-144.png
7421f4c24c322e3b0db664686e845035d34bdda66895e07099429d810f153433  Tests/Fixtures/document-145.jpg
5f1c75a781f64989bb397f10de6946ec4ef11508ebb13212d5793b965473ebad  Tests/Fixtures/document-146.png
11df09fbe8f401d8e64e419ebc134a3eb7da0c570929341abd5899f8dcf7f878  Tests/Fixtures/document-147.jpg
2bd41cde4e860a0269b7afb0ca5362d7ebad44c864d3b375264403c7a8cb5e49  Tests/Fixtures/document-148.png
3af0c8f8329c565c8bbc01da38dbb82d9971016198510ed26b998a21e8a50331  Tests/Fixtures/document-149.jpg
e2edd9f29589d6d59fdad5818e02f8ba2468066aad27fed5f3c58fa1c96b413d  Tests/Fixtures/document-150.png
