<?xml version="1.0" encoding="UTF-8"?>
<!DOCTYPE plist PUBLIC "-//Apple//DTD PLIST 1.0//EN" "http://www.apple.com/DTDs/PropertyList-1.0.dtd">
<plist version="1.0">
<dict>
	<key>archiveVersion</key>
	<string>1</string>
	<key>classes</key>
	<dict/>
	<key>objectVersion</key>
	<string>71</string>
	<key>objects</key>
	<dict>
		<key>5A144ADD3068A4D9000C8402</key>
		<dict>
			<key>containerPortal</key>
			<string>A00000000000000000000001</string>
			<key>isa</key>
			<string>PBXContainerItemProxy</string>
			<key>proxyType</key>
			<string>1</string>
			<key>remoteGlobalIDString</key>
			<string>A00000000000000000000005</string>
			<key>remoteInfo</key>
			<string>PaperloftApp</string>
		</dict>
		<key>A00000000000000000000001</key>
		<dict>
			<key>attributes</key>
			<dict>
				<key>LastUpgradeCheck</key>
				<string>2700</string>
			</dict>
			<key>buildConfigurationList</key>
			<string>A00000000000000000000010</string>
			<key>compatibilityVersion</key>
			<string>Xcode 16.0</string>
			<key>developmentRegion</key>
			<string>en</string>
			<key>hasScannedForEncodings</key>
			<string>0</string>
			<key>isa</key>
			<string>PBXProject</string>
			<key>knownRegions</key>
			<array>
				<string>en</string>
				<string>Base</string>
			</array>
			<key>mainGroup</key>
			<string>A00000000000000000000002</string>
			<key>packageReferences</key>
			<array/>
			<key>productRefGroup</key>
			<string>A00000000000000000000003</string>
			<key>projectDirPath</key>
			<string></string>
			<key>projectRoot</key>
			<string></string>
			<key>targets</key>
			<array>
				<string>A00000000000000000000005</string>
				<string>A00000000000000000000040</string>
			</array>
		</dict>
		<key>A00000000000000000000002</key>
		<dict>
			<key>children</key>
			<array>
				<string>A00000000000000000000004</string>
				<string>A00000000000000000000048</string>
				<string>A00000000000000000000003</string>
			</array>
			<key>isa</key>
			<string>PBXGroup</string>
			<key>sourceTree</key>
			<string>&lt;group&gt;</string>
		</dict>
		<key>A00000000000000000000003</key>
		<dict>
			<key>children</key>
			<array>
				<string>A00000000000000000000006</string>
				<string>A00000000000000000000041</string>
			</array>
			<key>isa</key>
			<string>PBXGroup</string>
			<key>name</key>
			<string>Products</string>
			<key>sourceTree</key>
			<string>&lt;group&gt;</string>
		</dict>
		<key>A00000000000000000000004</key>
		<dict>
			<key>explicitFileTypes</key>
			<dict/>
			<key>explicitFolders</key>
			<array/>
			<key>isa</key>
			<string>PBXFileSystemSynchronizedRootGroup</string>
			<key>path</key>
			<string>App</string>
			<key>sourceTree</key>
			<string>&lt;group&gt;</string>
		</dict>
		<key>A00000000000000000000005</key>
		<dict>
			<key>buildConfigurationList</key>
			<string>A00000000000000000000011</string>
			<key>buildPhases</key>
			<array>
				<string>A00000000000000000000007</string>
				<string>A00000000000000000000008</string>
				<string>A00000000000000000000009</string>
			</array>
			<key>buildRules</key>
			<array/>
			<key>dependencies</key>
			<array/>
			<key>fileSystemSynchronizedGroups</key>
			<array>
				<string>A00000000000000000000004</string>
			</array>
			<key>isa</key>
			<string>PBXNativeTarget</string>
			<key>name</key>
			<string>AccessibilityProbe</string>
			<key>packageProductDependencies</key>
			<array/>
			<key>productName</key>
			<string>AccessibilityProbe</string>
			<key>productReference</key>
			<string>A00000000000000000000006</string>
			<key>productType</key>
			<string>com.apple.product-type.application</string>
		</dict>
		<key>A00000000000000000000006</key>
		<dict>
			<key>explicitFileType</key>
			<string>wrapper.application</string>
			<key>includeInIndex</key>
			<string>0</string>
			<key>isa</key>
			<string>PBXFileReference</string>
			<key>path</key>
			<string>AccessibilityProbe.app</string>
			<key>sourceTree</key>
			<string>BUILT_PRODUCTS_DIR</string>
		</dict>
		<key>A00000000000000000000007</key>
		<dict>
			<key>buildActionMask</key>
			<string>2147483647</string>
			<key>files</key>
			<array/>
			<key>isa</key>
			<string>PBXSourcesBuildPhase</string>
			<key>runOnlyForDeploymentPostprocessing</key>
			<string>0</string>
		</dict>
		<key>A00000000000000000000008</key>
		<dict>
			<key>buildActionMask</key>
			<string>2147483647</string>
			<key>files</key>
			<array/>
			<key>isa</key>
			<string>PBXFrameworksBuildPhase</string>
			<key>runOnlyForDeploymentPostprocessing</key>
			<string>0</string>
		</dict>
		<key>A00000000000000000000009</key>
		<dict>
			<key>buildActionMask</key>
			<string>2147483647</string>
			<key>files</key>
			<array/>
			<key>isa</key>
			<string>PBXResourcesBuildPhase</string>
			<key>runOnlyForDeploymentPostprocessing</key>
			<string>0</string>
		</dict>
		<key>A00000000000000000000010</key>
		<dict>
			<key>buildConfigurations</key>
			<array>
				<string>A00000000000000000000012</string>
				<string>A00000000000000000000013</string>
			</array>
			<key>defaultConfigurationIsVisible</key>
			<string>0</string>
			<key>defaultConfigurationName</key>
			<string>Release</string>
			<key>isa</key>
			<string>XCConfigurationList</string>
		</dict>
		<key>A00000000000000000000011</key>
		<dict>
			<key>buildConfigurations</key>
			<array>
				<string>A00000000000000000000014</string>
				<string>A00000000000000000000015</string>
			</array>
			<key>defaultConfigurationIsVisible</key>
			<string>0</string>
			<key>defaultConfigurationName</key>
			<string>Release</string>
			<key>isa</key>
			<string>XCConfigurationList</string>
		</dict>
		<key>A00000000000000000000012</key>
		<dict>
			<key>buildSettings</key>
			<dict>
				<key>ALWAYS_SEARCH_USER_PATHS</key>
				<string>NO</string>
				<key>ENABLE_TESTABILITY</key>
				<string>YES</string>
				<key>MACOSX_DEPLOYMENT_TARGET</key>
				<string>27.0</string>
				<key>SDKROOT</key>
				<string>macosx</string>
				<key>SWIFT_OPTIMIZATION_LEVEL</key>
				<string>-Onone</string>
				<key>SWIFT_STRICT_CONCURRENCY</key>
				<string>complete</string>
				<key>SWIFT_TREAT_WARNINGS_AS_ERRORS</key>
				<string>YES</string>
				<key>SWIFT_VERSION</key>
				<string>6.0</string>
			</dict>
			<key>isa</key>
			<string>XCBuildConfiguration</string>
			<key>name</key>
			<string>Debug</string>
		</dict>
		<key>A00000000000000000000013</key>
		<dict>
			<key>buildSettings</key>
			<dict>
				<key>ALWAYS_SEARCH_USER_PATHS</key>
				<string>NO</string>
				<key>MACOSX_DEPLOYMENT_TARGET</key>
				<string>27.0</string>
				<key>SDKROOT</key>
				<string>macosx</string>
				<key>SWIFT_OPTIMIZATION_LEVEL</key>
				<string>-O</string>
				<key>SWIFT_STRICT_CONCURRENCY</key>
				<string>complete</string>
				<key>SWIFT_TREAT_WARNINGS_AS_ERRORS</key>
				<string>YES</string>
				<key>SWIFT_VERSION</key>
				<string>6.0</string>
			</dict>
			<key>isa</key>
			<string>XCBuildConfiguration</string>
			<key>name</key>
			<string>Release</string>
		</dict>
		<key>A00000000000000000000014</key>
		<dict>
			<key>buildSettings</key>
			<dict>
				<key>CODE_SIGN_IDENTITY</key>
				<string>-</string>
				<key>CODE_SIGN_STYLE</key>
				<string>Manual</string>
				<key>CURRENT_PROJECT_VERSION</key>
				<string>1</string>
				<key>ENABLE_APP_SANDBOX</key>
				<string>NO</string>
				<key>GENERATE_INFOPLIST_FILE</key>
				<string>YES</string>
				<key>INFOPLIST_KEY_ITSAppUsesNonExemptEncryption</key>
				<string>NO</string>
				<key>INFOPLIST_KEY_LSApplicationCategoryType</key>
				<string>public.app-category.finance</string>
				<key>INFOPLIST_KEY_NSHumanReadableCopyright</key>
				<string>Copyright © 2026 EvidencePair LLC</string>
				<key>MARKETING_VERSION</key>
				<string>0.0.1</string>
				<key>PRODUCT_BUNDLE_IDENTIFIER</key>
				<string>local.diagnostic.AccessibilityProbe</string>
				<key>PRODUCT_NAME</key>
				<string>AccessibilityProbe</string>
			</dict>
			<key>isa</key>
			<string>XCBuildConfiguration</string>
			<key>name</key>
			<string>Debug</string>
		</dict>
		<key>A00000000000000000000015</key>
		<dict>
			<key>buildSettings</key>
			<dict>
				<key>CODE_SIGN_IDENTITY</key>
				<string>-</string>
				<key>CODE_SIGN_STYLE</key>
				<string>Manual</string>
				<key>CURRENT_PROJECT_VERSION</key>
				<string>1</string>
				<key>ENABLE_APP_SANDBOX</key>
				<string>NO</string>
				<key>GENERATE_INFOPLIST_FILE</key>
				<string>YES</string>
				<key>INFOPLIST_KEY_ITSAppUsesNonExemptEncryption</key>
				<string>NO</string>
				<key>INFOPLIST_KEY_LSApplicationCategoryType</key>
				<string>public.app-category.finance</string>
				<key>INFOPLIST_KEY_NSHumanReadableCopyright</key>
				<string>Copyright © 2026 EvidencePair LLC</string>
				<key>MARKETING_VERSION</key>
				<string>0.0.1</string>
				<key>PRODUCT_BUNDLE_IDENTIFIER</key>
				<string>local.diagnostic.AccessibilityProbe</string>
				<key>PRODUCT_NAME</key>
				<string>AccessibilityProbe</string>
			</dict>
			<key>isa</key>
			<string>XCBuildConfiguration</string>
			<key>name</key>
			<string>Release</string>
		</dict>
		<key>A00000000000000000000040</key>
		<dict>
			<key>buildConfigurationList</key>
			<string>A00000000000000000000044</string>
			<key>buildPhases</key>
			<array>
				<string>A00000000000000000000042</string>
				<string>A00000000000000000000043</string>
			</array>
			<key>buildRules</key>
			<array/>
			<key>dependencies</key>
			<array>
				<string>A00000000000000000000050</string>
			</array>
			<key>fileSystemSynchronizedGroups</key>
			<array>
				<string>A00000000000000000000048</string>
			</array>
			<key>isa</key>
			<string>PBXNativeTarget</string>
			<key>name</key>
			<string>ProbeTests</string>
			<key>productName</key>
			<string>ProbeTests</string>
			<key>productReference</key>
			<string>A00000000000000000000041</string>
			<key>productType</key>
			<string>com.apple.product-type.bundle.ui-testing</string>
		</dict>
		<key>A00000000000000000000041</key>
		<dict>
			<key>explicitFileType</key>
			<string>wrapper.cfbundle</string>
			<key>isa</key>
			<string>PBXFileReference</string>
			<key>path</key>
			<string>ProbeTests.xctest</string>
			<key>sourceTree</key>
			<string>BUILT_PRODUCTS_DIR</string>
		</dict>
		<key>A00000000000000000000042</key>
		<dict>
			<key>buildActionMask</key>
			<string>2147483647</string>
			<key>files</key>
			<array/>
			<key>isa</key>
			<string>PBXSourcesBuildPhase</string>
			<key>runOnlyForDeploymentPostprocessing</key>
			<string>0</string>
		</dict>
		<key>A00000000000000000000043</key>
		<dict>
			<key>buildActionMask</key>
			<string>2147483647</string>
			<key>files</key>
			<array/>
			<key>isa</key>
			<string>PBXFrameworksBuildPhase</string>
			<key>runOnlyForDeploymentPostprocessing</key>
			<string>0</string>
		</dict>
		<key>A00000000000000000000044</key>
		<dict>
			<key>buildConfigurations</key>
			<array>
				<string>A00000000000000000000045</string>
				<string>A00000000000000000000046</string>
			</array>
			<key>defaultConfigurationIsVisible</key>
			<string>0</string>
			<key>defaultConfigurationName</key>
			<string>Release</string>
			<key>isa</key>
			<string>XCConfigurationList</string>
		</dict>
		<key>A00000000000000000000045</key>
		<dict>
			<key>buildSettings</key>
			<dict>
				<key>CODE_SIGN_IDENTITY</key>
				<string>-</string>
				<key>CODE_SIGN_STYLE</key>
				<string>Manual</string>
				<key>GENERATE_INFOPLIST_FILE</key>
				<string>YES</string>
				<key>PRODUCT_BUNDLE_IDENTIFIER</key>
				<string>local.diagnostic.ProbeTests</string>
				<key>PRODUCT_NAME</key>
				<string>$(TARGET_NAME)</string>
				<key>TEST_TARGET_NAME</key>
				<string>AccessibilityProbe</string>
			</dict>
			<key>isa</key>
			<string>XCBuildConfiguration</string>
			<key>name</key>
			<string>Debug</string>
		</dict>
		<key>A00000000000000000000046</key>
		<dict>
			<key>buildSettings</key>
			<dict>
				<key>CODE_SIGN_IDENTITY</key>
				<string>-</string>
				<key>CODE_SIGN_STYLE</key>
				<string>Manual</string>
				<key>GENERATE_INFOPLIST_FILE</key>
				<string>YES</string>
				<key>PRODUCT_BUNDLE_IDENTIFIER</key>
				<string>local.diagnostic.ProbeTests</string>
				<key>PRODUCT_NAME</key>
				<string>$(TARGET_NAME)</string>
				<key>TEST_TARGET_NAME</key>
				<string>AccessibilityProbe</string>
			</dict>
			<key>isa</key>
			<string>XCBuildConfiguration</string>
			<key>name</key>
			<string>Release</string>
		</dict>
		<key>A00000000000000000000048</key>
		<dict>
			<key>explicitFileTypes</key>
			<dict/>
			<key>explicitFolders</key>
			<array/>
			<key>isa</key>
			<string>PBXFileSystemSynchronizedRootGroup</string>
			<key>path</key>
			<string>Tests</string>
			<key>sourceTree</key>
			<string>&lt;group&gt;</string>
		</dict>
		<key>A00000000000000000000050</key>
		<dict>
			<key>isa</key>
			<string>PBXTargetDependency</string>
			<key>target</key>
			<string>A00000000000000000000005</string>
			<key>targetProxy</key>
			<string>5A144ADD3068A4D9000C8402</string>
		</dict>
	</dict>
	<key>rootObject</key>
	<string>A00000000000000000000001</string>
</dict>
</plist>
