// !$*UTF8*$!
{
	archiveVersion = 1;
	classes = {
	};
	objectVersion = 71;
	objects = {

/* Begin PBXBuildFile section */
		B30000000000000000000001 /* AppModel.swift in Sources */ = {isa = PBXBuildFile; fileRef = B30000000000000000000002; };
		A00000000000000000000022 /* PaperloftKit in Frameworks */ = {isa = PBXBuildFile; productRef = A00000000000000000000021 /* PaperloftKit */; };
		A00000000000000000000039 /* PaperloftKit in Frameworks */ = {isa = PBXBuildFile; productRef = A00000000000000000000021 /* PaperloftKit */; };
		B00000000000000000000039 /* PaperloftKit in Frameworks */ = {isa = PBXBuildFile; productRef = A00000000000000000000021 /* PaperloftKit */; };
		C60000000000000000000039 /* PaperloftKit in Frameworks */ = {isa = PBXBuildFile; productRef = A00000000000000000000021 /* PaperloftKit */; };
		B00000000000000000000060 = {isa = PBXBuildFile; fileRef = B00000000000000000000061; };
		B30000000000000000000004 = {isa = PBXBuildFile; fileRef = B00000000000000000000061; };
		C60000000000000000000042 = {isa = PBXBuildFile; fileRef = C60000000000000000000041; };
/* End PBXBuildFile section */

/* Begin PBXContainerItemProxy section */
		5A144ADD3068A4D9000C8402 /* PBXContainerItemProxy */ = {
			isa = PBXContainerItemProxy;
			containerPortal = A00000000000000000000001 /* Project object */;
			proxyType = 1;
			remoteGlobalIDString = A00000000000000000000005;
			remoteInfo = PaperloftApp;
		};
/* End PBXContainerItemProxy section */

/* Begin PBXFileReference section */
		B30000000000000000000002 /* AppModel.swift */ = {isa = PBXFileReference; lastKnownFileType = sourcecode.swift; path = Apps/PaperloftApp/AppModel.swift; sourceTree = SOURCE_ROOT; };
		A00000000000000000000006 /* Paperloft Receipts.app */ = {isa = PBXFileReference; explicitFileType = wrapper.application; includeInIndex = 0; path = "Paperloft Receipts.app"; sourceTree = BUILT_PRODUCTS_DIR; };
		A00000000000000000000031 /* PaperloftKitTests.xctest */ = {isa = PBXFileReference; explicitFileType = wrapper.cfbundle; path = PaperloftKitTests.xctest; sourceTree = BUILT_PRODUCTS_DIR; };
		B00000000000000000000031 /* PaperloftIntentLogicTests.xctest */ = {isa = PBXFileReference; explicitFileType = wrapper.cfbundle; path = PaperloftIntentLogicTests.xctest; sourceTree = BUILT_PRODUCTS_DIR; };
		C60000000000000000000031 /* PaperloftPerformanceTests.xctest */ = {isa = PBXFileReference; explicitFileType = wrapper.cfbundle; path = PaperloftPerformanceTests.xctest; sourceTree = BUILT_PRODUCTS_DIR; };
		A00000000000000000000041 /* PaperloftUITests.xctest */ = {isa = PBXFileReference; explicitFileType = wrapper.cfbundle; path = PaperloftUITests.xctest; sourceTree = BUILT_PRODUCTS_DIR; };
		B00000000000000000000061 = {isa = PBXFileReference; lastKnownFileType = sourcecode.swift; path = Apps/PaperloftApp/PaperloftIntents.swift; sourceTree = SOURCE_ROOT; };
		C60000000000000000000041 = {isa = PBXFileReference; lastKnownFileType = folder; path = build/PerformanceFixtures; sourceTree = SOURCE_ROOT; };
/* End PBXFileReference section */

/* Begin PBXFileSystemSynchronizedRootGroup section */
		B30000000000000000000003 /* Tests/PaperloftAppTests */ = {isa = PBXFileSystemSynchronizedRootGroup; explicitFileTypes = {}; explicitFolders = (); path = Tests/PaperloftAppTests; sourceTree = "<group>"; };
		A00000000000000000000004 /* Apps/PaperloftApp */ = {isa = PBXFileSystemSynchronizedRootGroup; explicitFileTypes = {}; explicitFolders = (); path = Apps/PaperloftApp; sourceTree = "<group>"; };
		A00000000000000000000038 /* Packages/PaperloftKit/Tests/PaperloftKitTests */ = {isa = PBXFileSystemSynchronizedRootGroup; explicitFileTypes = {}; explicitFolders = (); path = Packages/PaperloftKit/Tests/PaperloftKitTests; sourceTree = "<group>"; };
		B00000000000000000000038 /* Tests/PaperloftIntentLogicTests */ = {isa = PBXFileSystemSynchronizedRootGroup; explicitFileTypes = {}; explicitFolders = (); path = Tests/PaperloftIntentLogicTests; sourceTree = "<group>"; };
		C60000000000000000000038 /* Tests/PaperloftPerformanceTests */ = {isa = PBXFileSystemSynchronizedRootGroup; explicitFileTypes = {}; explicitFolders = (); path = Tests/PaperloftPerformanceTests; sourceTree = "<group>"; };
		A00000000000000000000048 /* Tests/PaperloftUITests */ = {isa = PBXFileSystemSynchronizedRootGroup; explicitFileTypes = {}; explicitFolders = (); path = Tests/PaperloftUITests; sourceTree = "<group>"; };
/* End PBXFileSystemSynchronizedRootGroup section */

/* Begin PBXFrameworksBuildPhase section */
		A00000000000000000000008 /* Frameworks */ = {
			isa = PBXFrameworksBuildPhase;
			buildActionMask = 2147483647;
			files = (
				A00000000000000000000022 /* PaperloftKit in Frameworks */,
			);
			runOnlyForDeploymentPostprocessing = 0;
		};
		A00000000000000000000033 /* Frameworks */ = {
			isa = PBXFrameworksBuildPhase;
			buildActionMask = 2147483647;
			files = (
				A00000000000000000000039 /* PaperloftKit in Frameworks */,
			);
			runOnlyForDeploymentPostprocessing = 0;
		};
		B00000000000000000000033 /* Frameworks */ = {
			isa = PBXFrameworksBuildPhase;
			buildActionMask = 2147483647;
			files = (
				B00000000000000000000039 /* PaperloftKit in Frameworks */,
			);
			runOnlyForDeploymentPostprocessing = 0;
		};
		C60000000000000000000033 /* Frameworks */ = {
			isa = PBXFrameworksBuildPhase;
			buildActionMask = 2147483647;
			files = (
				C60000000000000000000039 /* PaperloftKit in Frameworks */,
			);
			runOnlyForDeploymentPostprocessing = 0;
		};
		A00000000000000000000043 /* Frameworks */ = {
			isa = PBXFrameworksBuildPhase;
			buildActionMask = 2147483647;
			files = (
			);
			runOnlyForDeploymentPostprocessing = 0;
		};
/* End PBXFrameworksBuildPhase section */

/* Begin PBXGroup section */
		A00000000000000000000002 = {
			isa = PBXGroup;
			children = (
				C60000000000000000000038,
				B00000000000000000000038,
				A00000000000000000000048 /* Tests/PaperloftUITests */,
				A00000000000000000000038 /* Packages/PaperloftKit/Tests/PaperloftKitTests */,
				B30000000000000000000003 /* Tests/PaperloftAppTests */,
				A00000000000000000000004 /* Apps/PaperloftApp */,
				A00000000000000000000003 /* Products */,
			);
			sourceTree = "<group>";
		};
		A00000000000000000000003 /* Products */ = {
			isa = PBXGroup;
			children = (
				A00000000000000000000006 /* Paperloft Receipts.app */,
				A00000000000000000000031 /* PaperloftKitTests.xctest */,
				A00000000000000000000041 /* PaperloftUITests.xctest */,
			);
			name = Products;
			sourceTree = "<group>";
		};
/* End PBXGroup section */

/* Begin PBXNativeTarget section */
		A00000000000000000000005 /* PaperloftApp */ = {
			isa = PBXNativeTarget;
			buildConfigurationList = A00000000000000000000011 /* Build configuration list for PBXNativeTarget "PaperloftApp" */;
			buildPhases = (
				A00000000000000000000007 /* Sources */,
				A00000000000000000000008 /* Frameworks */,
				A00000000000000000000009 /* Resources */,
			);
			buildRules = (
			);
			dependencies = (
			);
			fileSystemSynchronizedGroups = (
				A00000000000000000000004 /* Apps/PaperloftApp */,
			);
			name = PaperloftApp;
			packageProductDependencies = (
				A00000000000000000000021 /* PaperloftKit */,
			);
			productName = PaperloftApp;
			productReference = A00000000000000000000006 /* Paperloft Receipts.app */;
			productType = "com.apple.product-type.application";
		};
		A00000000000000000000030 /* PaperloftKitTests */ = {
			isa = PBXNativeTarget;
			buildConfigurationList = A00000000000000000000034 /* Build configuration list for PBXNativeTarget "PaperloftKitTests" */;
			buildPhases = (
				A00000000000000000000032 /* Sources */,
				A00000000000000000000033 /* Frameworks */,
			);
			buildRules = (
			);
			dependencies = (
			);
			fileSystemSynchronizedGroups = (
				A00000000000000000000038 /* Packages/PaperloftKit/Tests/PaperloftKitTests */,
				B30000000000000000000003 /* Tests/PaperloftAppTests */,
			);
			name = PaperloftKitTests;
			packageProductDependencies = (
				A00000000000000000000021 /* PaperloftKit */,
			);
			productName = PaperloftKitTests;
			productReference = A00000000000000000000031 /* PaperloftKitTests.xctest */;
			productType = "com.apple.product-type.bundle.unit-test";
		};
		B00000000000000000000030 /* PaperloftIntentLogicTests */ = {
			isa = PBXNativeTarget;
			buildConfigurationList = B00000000000000000000034 /* Build configuration list for PBXNativeTarget "PaperloftIntentLogicTests" */;
			buildPhases = (
				B00000000000000000000032 /* Sources */,
				B00000000000000000000033 /* Frameworks */,
			);
			buildRules = (
			);
			dependencies = (
			);
			fileSystemSynchronizedGroups = (
				B00000000000000000000038 /* Tests/PaperloftIntentLogicTests */,
			);
			name = PaperloftIntentLogicTests;
			packageProductDependencies = (
				A00000000000000000000021 /* PaperloftKit */,
			);
			productName = PaperloftIntentLogicTests;
			productReference = B00000000000000000000031 /* PaperloftIntentLogicTests.xctest */;
			productType = "com.apple.product-type.bundle.unit-test";
		};
		C60000000000000000000030 /* PaperloftPerformanceTests */ = {
			isa = PBXNativeTarget;
			buildConfigurationList = C60000000000000000000034 /* Build configuration list for PBXNativeTarget "PaperloftPerformanceTests" */;
			buildPhases = (
				C60000000000000000000040,
				C60000000000000000000032 /* Sources */,
				C60000000000000000000033 /* Frameworks */,
			);
			buildRules = (
			);
			dependencies = (
				A00000000000000000000050,
			);
			fileSystemSynchronizedGroups = (
				C60000000000000000000038 /* Tests/PaperloftPerformanceTests */,
			);
			name = PaperloftPerformanceTests;
			packageProductDependencies = (
				A00000000000000000000021 /* PaperloftKit */,
			);
			productName = PaperloftPerformanceTests;
			productReference = C60000000000000000000031 /* PaperloftPerformanceTests.xctest */;
			productType = "com.apple.product-type.bundle.unit-test";
		};
		A00000000000000000000040 /* PaperloftUITests */ = {
			isa = PBXNativeTarget;
			buildConfigurationList = A00000000000000000000044 /* Build configuration list for PBXNativeTarget "PaperloftUITests" */;
			buildPhases = (
				A00000000000000000000042 /* Sources */,
				A00000000000000000000043 /* Frameworks */,
			);
			buildRules = (
			);
			dependencies = (
				A00000000000000000000050 /* PBXTargetDependency */,
			);
			fileSystemSynchronizedGroups = (
				A00000000000000000000048 /* Tests/PaperloftUITests */,
			);
			name = PaperloftUITests;
			productName = PaperloftUITests;
			productReference = A00000000000000000000041 /* PaperloftUITests.xctest */;
			productType = "com.apple.product-type.bundle.ui-testing";
		};
/* End PBXNativeTarget section */

/* Begin PBXProject section */
		A00000000000000000000001 /* Project object */ = {
			isa = PBXProject;
			attributes = {
				LastUpgradeCheck = 2700;
			};
			buildConfigurationList = A00000000000000000000010 /* Build configuration list for PBXProject "Paperloft" */;
			compatibilityVersion = "Xcode 16.0";
			developmentRegion = en;
			hasScannedForEncodings = 0;
			knownRegions = (
				en,
				Base,
			);
			mainGroup = A00000000000000000000002;
			packageReferences = (
				A00000000000000000000020 /* XCLocalSwiftPackageReference "Packages/PaperloftKit" */,
			);
			productRefGroup = A00000000000000000000003 /* Products */;
			projectDirPath = "";
			projectRoot = "";
			targets = (
				C60000000000000000000030,
				B00000000000000000000030,
				A00000000000000000000005 /* PaperloftApp */,
				A00000000000000000000030 /* PaperloftKitTests */,
				A00000000000000000000040 /* PaperloftUITests */,
			);
		};
/* End PBXProject section */

/* Begin PBXResourcesBuildPhase section */
		A00000000000000000000009 /* Resources */ = {
			isa = PBXResourcesBuildPhase;
			buildActionMask = 2147483647;
			files = (
			);
			runOnlyForDeploymentPostprocessing = 0;
		};
		C60000000000000000000040 = {isa = PBXResourcesBuildPhase; buildActionMask = 2147483647; files = (C60000000000000000000042,); runOnlyForDeploymentPostprocessing = 0; };
/* End PBXResourcesBuildPhase section */

/* Begin PBXSourcesBuildPhase section */
		A00000000000000000000007 /* Sources */ = {
			isa = PBXSourcesBuildPhase;
			buildActionMask = 2147483647;
			files = (
			);
			runOnlyForDeploymentPostprocessing = 0;
		};
		A00000000000000000000032 /* Sources */ = {
			isa = PBXSourcesBuildPhase;
			buildActionMask = 2147483647;
			files = (
				B30000000000000000000001 /* AppModel.swift in Sources */,
				B30000000000000000000004,
			);
			runOnlyForDeploymentPostprocessing = 0;
		};
		B00000000000000000000032 /* Sources */ = {
			isa = PBXSourcesBuildPhase;
			buildActionMask = 2147483647;
			files = (
				B00000000000000000000060,
			);
			runOnlyForDeploymentPostprocessing = 0;
		};
		C60000000000000000000032 /* Sources */ = {
			isa = PBXSourcesBuildPhase;
			buildActionMask = 2147483647;
			files = (
			);
			runOnlyForDeploymentPostprocessing = 0;
		};
		A00000000000000000000042 /* Sources */ = {
			isa = PBXSourcesBuildPhase;
			buildActionMask = 2147483647;
			files = (
			);
			runOnlyForDeploymentPostprocessing = 0;
		};
/* End PBXSourcesBuildPhase section */

/* Begin PBXTargetDependency section */
		A00000000000000000000050 /* PBXTargetDependency */ = {
			isa = PBXTargetDependency;
			target = A00000000000000000000005 /* PaperloftApp */;
			targetProxy = 5A144ADD3068A4D9000C8402 /* PBXContainerItemProxy */;
		};
/* End PBXTargetDependency section */

/* Begin XCBuildConfiguration section */
		A00000000000000000000012 /* Debug */ = {
			isa = XCBuildConfiguration;
			buildSettings = {
				ALWAYS_SEARCH_USER_PATHS = NO;
				ENABLE_TESTABILITY = YES;
				MACOSX_DEPLOYMENT_TARGET = 27.0;
				SDKROOT = macosx;
				SWIFT_ACTIVE_COMPILATION_CONDITIONS = DEBUG;
				SWIFT_OPTIMIZATION_LEVEL = "-Onone";
				SWIFT_STRICT_CONCURRENCY = complete;
				SWIFT_TREAT_WARNINGS_AS_ERRORS = YES;
				SWIFT_VERSION = 6.0;
			};
			name = Debug;
		};
		A00000000000000000000013 /* Release */ = {
			isa = XCBuildConfiguration;
			buildSettings = {
				ALWAYS_SEARCH_USER_PATHS = NO;
				MACOSX_DEPLOYMENT_TARGET = 27.0;
				SDKROOT = macosx;
				SWIFT_OPTIMIZATION_LEVEL = "-O";
				SWIFT_STRICT_CONCURRENCY = complete;
				SWIFT_TREAT_WARNINGS_AS_ERRORS = YES;
				SWIFT_VERSION = 6.0;
			};
			name = Release;
		};
		A00000000000000000000014 /* Debug */ = {
			isa = XCBuildConfiguration;
			buildSettings = {
				ASSETCATALOG_COMPILER_GLOBAL_ACCENT_COLOR_NAME = AccentColor;
				CODE_SIGN_ENTITLEMENTS = Apps/PaperloftApp/Paperloft.entitlements;
				CODE_SIGN_IDENTITY = "-";
				CODE_SIGN_STYLE = Manual;
				CURRENT_PROJECT_VERSION = 1;
				ENABLE_APP_SANDBOX = YES;
				GENERATE_INFOPLIST_FILE = YES;
				INFOPLIST_FILE = Configuration/Info.plist;
				INFOPLIST_KEY_ITSAppUsesNonExemptEncryption = NO;
				INFOPLIST_KEY_LSApplicationCategoryType = "public.app-category.finance";
				INFOPLIST_KEY_NSHumanReadableCopyright = "Copyright © 2026 EvidencePair LLC";
				MARKETING_VERSION = 0.0.1;
				PRODUCT_BUNDLE_IDENTIFIER = app.paperloft.receipts;
				PRODUCT_NAME = "Paperloft Receipts";
			};
			name = Debug;
		};
		A00000000000000000000015 /* Release */ = {
			isa = XCBuildConfiguration;
			buildSettings = {
				ASSETCATALOG_COMPILER_GLOBAL_ACCENT_COLOR_NAME = AccentColor;
				CODE_SIGN_ENTITLEMENTS = Apps/PaperloftApp/Paperloft.entitlements;
				CODE_SIGN_IDENTITY = "-";
				CODE_SIGN_STYLE = Manual;
				CURRENT_PROJECT_VERSION = 1;
				ENABLE_APP_SANDBOX = YES;
				GENERATE_INFOPLIST_FILE = YES;
				INFOPLIST_FILE = Configuration/Info.plist;
				INFOPLIST_KEY_ITSAppUsesNonExemptEncryption = NO;
				INFOPLIST_KEY_LSApplicationCategoryType = "public.app-category.finance";
				INFOPLIST_KEY_NSHumanReadableCopyright = "Copyright © 2026 EvidencePair LLC";
				MARKETING_VERSION = 0.0.1;
				PRODUCT_BUNDLE_IDENTIFIER = app.paperloft.receipts;
				PRODUCT_NAME = "Paperloft Receipts";
			};
			name = Release;
		};
		A00000000000000000000035 /* Debug */ = {
			isa = XCBuildConfiguration;
			buildSettings = {
				CODE_SIGN_IDENTITY = "-";
				CODE_SIGN_STYLE = Manual;
				GENERATE_INFOPLIST_FILE = YES;
				PRODUCT_BUNDLE_IDENTIFIER = app.paperloft.PaperloftKitTests;
				PRODUCT_NAME = "$(TARGET_NAME)";
			};
			name = Debug;
		};
		B00000000000000000000035 /* Debug */ = {
			isa = XCBuildConfiguration;
			buildSettings = {
				CODE_SIGN_IDENTITY = "-";
				CODE_SIGN_STYLE = Manual;
				GENERATE_INFOPLIST_FILE = YES;
				PRODUCT_BUNDLE_IDENTIFIER = app.paperloft.PaperloftIntentLogicTests;
				PRODUCT_NAME = "$(TARGET_NAME)";
			};
			name = Debug;
		};
		C60000000000000000000035 /* Debug */ = {
			isa = XCBuildConfiguration;
			buildSettings = {
				TEST_HOST = "$(BUILT_PRODUCTS_DIR)/Paperloft Receipts.app/Contents/MacOS/Paperloft Receipts";
				BUNDLE_LOADER = "$(TEST_HOST)";
				CODE_SIGN_IDENTITY = "-";
				CODE_SIGN_STYLE = Manual;
				GENERATE_INFOPLIST_FILE = YES;
				PRODUCT_BUNDLE_IDENTIFIER = app.paperloft.PaperloftPerformanceTests;
				PRODUCT_NAME = "$(TARGET_NAME)";
			};
			name = Debug;
		};
		A00000000000000000000036 /* Release */ = {
			isa = XCBuildConfiguration;
			buildSettings = {
				CODE_SIGN_IDENTITY = "-";
				CODE_SIGN_STYLE = Manual;
				GENERATE_INFOPLIST_FILE = YES;
				PRODUCT_BUNDLE_IDENTIFIER = app.paperloft.PaperloftKitTests;
				PRODUCT_NAME = "$(TARGET_NAME)";
			};
			name = Release;
		};
		B00000000000000000000036 /* Release */ = {
			isa = XCBuildConfiguration;
			buildSettings = {
				CODE_SIGN_IDENTITY = "-";
				CODE_SIGN_STYLE = Manual;
				GENERATE_INFOPLIST_FILE = YES;
				PRODUCT_BUNDLE_IDENTIFIER = app.paperloft.PaperloftIntentLogicTests;
				PRODUCT_NAME = "$(TARGET_NAME)";
			};
			name = Release;
		};
		C60000000000000000000036 /* Release */ = {
			isa = XCBuildConfiguration;
			buildSettings = {
				TEST_HOST = "$(BUILT_PRODUCTS_DIR)/Paperloft Receipts.app/Contents/MacOS/Paperloft Receipts";
				BUNDLE_LOADER = "$(TEST_HOST)";
				CODE_SIGN_IDENTITY = "-";
				CODE_SIGN_STYLE = Manual;
				GENERATE_INFOPLIST_FILE = YES;
				PRODUCT_BUNDLE_IDENTIFIER = app.paperloft.PaperloftPerformanceTests;
				PRODUCT_NAME = "$(TARGET_NAME)";
			};
			name = Release;
		};
		B00000000000000000000037 /* QA */ = {
			isa = XCBuildConfiguration;
			buildSettings = {
				CODE_SIGN_IDENTITY = "-";
				CODE_SIGN_STYLE = Manual;
				GENERATE_INFOPLIST_FILE = YES;
				PRODUCT_BUNDLE_IDENTIFIER = app.paperloft.PaperloftIntentLogicTests;
				PRODUCT_NAME = "$(TARGET_NAME)";
			};
			name = QA;
		};
		C60000000000000000000037 /* QA */ = {
			isa = XCBuildConfiguration;
			buildSettings = {
				TEST_HOST = "$(BUILT_PRODUCTS_DIR)/Paperloft Receipts.app/Contents/MacOS/Paperloft Receipts";
				BUNDLE_LOADER = "$(TEST_HOST)";
				CODE_SIGN_IDENTITY = "-";
				CODE_SIGN_STYLE = Manual;
				GENERATE_INFOPLIST_FILE = YES;
				PRODUCT_BUNDLE_IDENTIFIER = app.paperloft.PaperloftPerformanceTests;
				PRODUCT_NAME = "$(TARGET_NAME)";
			};
			name = QA;
		};
		A00000000000000000000045 /* Debug */ = {
			isa = XCBuildConfiguration;
			buildSettings = {
				CODE_SIGN_IDENTITY = "-";
				CODE_SIGN_STYLE = Manual;
				GENERATE_INFOPLIST_FILE = YES;
				PRODUCT_BUNDLE_IDENTIFIER = app.paperloft.PaperloftUITests;
				PRODUCT_NAME = "$(TARGET_NAME)";
				TEST_TARGET_NAME = PaperloftApp;
			};
			name = Debug;
		};
		A00000000000000000000046 /* Release */ = {
			isa = XCBuildConfiguration;
			buildSettings = {
				CODE_SIGN_IDENTITY = "-";
				CODE_SIGN_STYLE = Manual;
				GENERATE_INFOPLIST_FILE = YES;
				PRODUCT_BUNDLE_IDENTIFIER = app.paperloft.PaperloftUITests;
				PRODUCT_NAME = "$(TARGET_NAME)";
				TEST_TARGET_NAME = PaperloftApp;
			};
			name = Release;
		};
		A00000000000000000000060 /* QA */ = {
			isa = XCBuildConfiguration;
			buildSettings = {
				ALWAYS_SEARCH_USER_PATHS = NO;
				ENABLE_TESTABILITY = YES;
				MACOSX_DEPLOYMENT_TARGET = 27.0;
				SDKROOT = macosx;
				SWIFT_ACTIVE_COMPILATION_CONDITIONS = QA;
				SWIFT_OPTIMIZATION_LEVEL = "-O";
				SWIFT_STRICT_CONCURRENCY = complete;
				SWIFT_TREAT_WARNINGS_AS_ERRORS = YES;
				SWIFT_VERSION = 6.0;
			};
			name = QA;
		};
		A00000000000000000000061 /* QA */ = {
			isa = XCBuildConfiguration;
			buildSettings = {
				ASSETCATALOG_COMPILER_GLOBAL_ACCENT_COLOR_NAME = AccentColor;
				CODE_SIGN_ENTITLEMENTS = Apps/PaperloftApp/Paperloft.entitlements;
				CODE_SIGN_IDENTITY = "-";
				CODE_SIGN_STYLE = Manual;
				CURRENT_PROJECT_VERSION = 1;
				ENABLE_APP_SANDBOX = YES;
				GENERATE_INFOPLIST_FILE = YES;
				INFOPLIST_FILE = Configuration/Info.plist;
				INFOPLIST_KEY_ITSAppUsesNonExemptEncryption = NO;
				INFOPLIST_KEY_LSApplicationCategoryType = "public.app-category.finance";
				INFOPLIST_KEY_NSHumanReadableCopyright = "Copyright © 2026 EvidencePair LLC";
				MARKETING_VERSION = 0.0.1;
				PRODUCT_BUNDLE_IDENTIFIER = app.paperloft.receipts;
				PRODUCT_NAME = "Paperloft Receipts";
			};
			name = QA;
		};
		A00000000000000000000062 /* QA */ = {
			isa = XCBuildConfiguration;
			buildSettings = {
				CODE_SIGN_IDENTITY = "-";
				CODE_SIGN_STYLE = Manual;
				GENERATE_INFOPLIST_FILE = YES;
				PRODUCT_BUNDLE_IDENTIFIER = app.paperloft.PaperloftKitTests;
				PRODUCT_NAME = "$(TARGET_NAME)";
			};
			name = QA;
		};
		A00000000000000000000063 /* QA */ = {
			isa = XCBuildConfiguration;
			buildSettings = {
				CODE_SIGN_IDENTITY = "-";
				CODE_SIGN_STYLE = Manual;
				GENERATE_INFOPLIST_FILE = YES;
				PRODUCT_BUNDLE_IDENTIFIER = app.paperloft.PaperloftUITests;
				PRODUCT_NAME = "$(TARGET_NAME)";
				TEST_TARGET_NAME = PaperloftApp;
			};
			name = QA;
		};
/* End XCBuildConfiguration section */

/* Begin XCConfigurationList section */
		A00000000000000000000010 /* Build configuration list for PBXProject "Paperloft" */ = {
			isa = XCConfigurationList;
			buildConfigurations = (
				A00000000000000000000012 /* Debug */,
				A00000000000000000000013 /* Release */,
				A00000000000000000000060 /* QA */,
			);
			defaultConfigurationIsVisible = 0;
			defaultConfigurationName = Release;
		};
		A00000000000000000000011 /* Build configuration list for PBXNativeTarget "PaperloftApp" */ = {
			isa = XCConfigurationList;
			buildConfigurations = (
				A00000000000000000000014 /* Debug */,
				A00000000000000000000015 /* Release */,
				A00000000000000000000061 /* QA */,
			);
			defaultConfigurationIsVisible = 0;
			defaultConfigurationName = Release;
		};
		A00000000000000000000034 /* Build configuration list for PBXNativeTarget "PaperloftKitTests" */ = {
			isa = XCConfigurationList;
			buildConfigurations = (
				A00000000000000000000035 /* Debug */,
				A00000000000000000000036 /* Release */,
				A00000000000000000000062 /* QA */,
			);
			defaultConfigurationIsVisible = 0;
			defaultConfigurationName = Release;
		};
		B00000000000000000000034 /* Build configuration list for PBXNativeTarget "PaperloftIntentLogicTests" */ = {
			isa = XCConfigurationList;
			buildConfigurations = (
				B00000000000000000000037 /* QA */,
				B00000000000000000000035 /* Debug */,
				B00000000000000000000036 /* Release */,
			);
			defaultConfigurationIsVisible = 0;
			defaultConfigurationName = Release;
		};
		C60000000000000000000034 /* Build configuration list for PBXNativeTarget "PaperloftPerformanceTests" */ = {
			isa = XCConfigurationList;
			buildConfigurations = (
				C60000000000000000000037 /* QA */,
				C60000000000000000000035 /* Debug */,
				C60000000000000000000036 /* Release */,
			);
			defaultConfigurationIsVisible = 0;
			defaultConfigurationName = Release;
		};
		A00000000000000000000044 /* Build configuration list for PBXNativeTarget "PaperloftUITests" */ = {
			isa = XCConfigurationList;
			buildConfigurations = (
				A00000000000000000000045 /* Debug */,
				A00000000000000000000046 /* Release */,
				A00000000000000000000063 /* QA */,
			);
			defaultConfigurationIsVisible = 0;
			defaultConfigurationName = Release;
		};
/* End XCConfigurationList section */

/* Begin XCLocalSwiftPackageReference section */
		A00000000000000000000020 /* XCLocalSwiftPackageReference "Packages/PaperloftKit" */ = {
			isa = XCLocalSwiftPackageReference;
			relativePath = Packages/PaperloftKit;
		};
/* End XCLocalSwiftPackageReference section */

/* Begin XCSwiftPackageProductDependency section */
		A00000000000000000000021 /* PaperloftKit */ = {
			isa = XCSwiftPackageProductDependency;
			package = A00000000000000000000020 /* XCLocalSwiftPackageReference "Packages/PaperloftKit" */;
			productName = PaperloftKit;
		};
/* End XCSwiftPackageProductDependency section */
	};
	rootObject = A00000000000000000000001 /* Project object */;
}
